// !$*UTF8*$!
{
	archiveVersion = 1;
	classes = {
	};
	objectVersion = 46;
	objects = {

/* Begin PBXBuildFile section */
		8024C6BD19DF207900B73EDB /* PTSerif-Italic.ttf in Resources */ = {isa = PBXBuildFile; fileRef = 8024C6BC19DF207900B73EDB /* PTSerif-Italic.ttf */; };
		802A303519DA11AC00CB6826 /* SpeakersViewController.m in Sources */ = {isa = PBXBuildFile; fileRef = 802A303419DA11AC00CB6826 /* SpeakersViewController.m */; };
		802D404C19D75411008873E8 /* ProgramsViewController.m in Sources */ = {isa = PBXBuildFile; fileRef = 802D404B19D75411008873E8 /* ProgramsViewController.m */; };
		802D405519D76170008873E8 /* CustomTableViewCell.m in Sources */ = {isa = PBXBuildFile; fileRef = 802D405419D76170008873E8 /* CustomTableViewCell.m */; };
		8032562C19DF269F00546426 /* SponsorsViewController.m in Sources */ = {isa = PBXBuildFile; fileRef = 8032562B19DF269F00546426 /* SponsorsViewController.m */; };
		8032562E19DF398900546426 /* devcon-summit.png in Resources */ = {isa = PBXBuildFile; fileRef = 8032562D19DF398900546426 /* devcon-summit.png */; };
		8032563119DF43B900546426 /* CP-GitHub.png in Resources */ = {isa = PBXBuildFile; fileRef = 8032562F19DF43B900546426 /* CP-GitHub.png */; };
		8032563219DF43B900546426 /* Gold-Canva.png in Resources */ = {isa = PBXBuildFile; fileRef = 8032563019DF43B900546426 /* Gold-Canva.png */; };
		8032563419DF470100546426 /* CP-uber.png in Resources */ = {isa = PBXBuildFile; fileRef = 8032563319DF470100546426 /* CP-uber.png */; };
		8032563619DF471900546426 /* Gold-accenture.png in Resources */ = {isa = PBXBuildFile; fileRef = 8032563519DF471900546426 /* Gold-accenture.png */; };
		803CAA4A19DC9669008493B5 /* SpeakersTableViewCell.m in Sources */ = {isa = PBXBuildFile; fileRef = 803CAA4919DC9669008493B5 /* SpeakersTableViewCell.m */; };
		8043C1FC19DEE0980054C60C /* UIImage+StackBlur.m in Sources */ = {isa = PBXBuildFile; fileRef = 8043C1FB19DEE0980054C60C /* UIImage+StackBlur.m */; };
		8043C1FE19DF1B5F0054C60C /* disclosure-icon.png in Resources */ = {isa = PBXBuildFile; fileRef = 8043C1FD19DF1B5F0054C60C /* disclosure-icon.png */; };
		804A63AD19E1547700DE69FA /* NewsViewController.m in Sources */ = {isa = PBXBuildFile; fileRef = 804A63AC19E1547700DE69FA /* NewsViewController.m */; };
		804A63B019E154A900DE69FA /* NewsTableViewCell.m in Sources */ = {isa = PBXBuildFile; fileRef = 804A63AF19E154A900DE69FA /* NewsTableViewCell.m */; };
		804F997819E1E19D00B04F9E /* SpeakerProfileViewController.m in Sources */ = {isa = PBXBuildFile; fileRef = 804F997719E1E19D00B04F9E /* SpeakerProfileViewController.m */; };
		805D891319D74EC800D2CF32 /* haifa.jpg in Resources */ = {isa = PBXBuildFile; fileRef = 805D891219D74EC800D2CF32 /* haifa.jpg */; };
		805D891919D74EE100D2CF32 /* SourceSansPro-Bold.otf in Resources */ = {isa = PBXBuildFile; fileRef = 805D891519D74EE100D2CF32 /* SourceSansPro-Bold.otf */; };
		805D891A19D74EE100D2CF32 /* SourceSansPro-Light.otf in Resources */ = {isa = PBXBuildFile; fileRef = 805D891619D74EE100D2CF32 /* SourceSansPro-Light.otf */; };
		805D891B19D74EE100D2CF32 /* SourceSansPro-Regular.otf in Resources */ = {isa = PBXBuildFile; fileRef = 805D891719D74EE100D2CF32 /* SourceSansPro-Regular.otf */; };
		805D891C19D74EE100D2CF32 /* SourceSansPro-Semibold.otf in Resources */ = {isa = PBXBuildFile; fileRef = 805D891819D74EE100D2CF32 /* SourceSansPro-Semibold.otf */; };
		805D891E19D74FF600D2CF32 /* myprofile-background.png in Resources */ = {isa = PBXBuildFile; fileRef = 805D891D19D74FF600D2CF32 /* myprofile-background.png */; };
		80A6584319E1D5590014FAFD /* AttendeesViewController.m in Sources */ = {isa = PBXBuildFile; fileRef = 80A6584219E1D5590014FAFD /* AttendeesViewController.m */; };
		80A6584619E1D72D0014FAFD /* AttendeesTableViewCell.m in Sources */ = {isa = PBXBuildFile; fileRef = 80A6584519E1D72D0014FAFD /* AttendeesTableViewCell.m */; };
		80B269B419D73A750012F891 /* Foundation.framework in Frameworks */ = {isa = PBXBuildFile; fileRef = 80B269B319D73A750012F891 /* Foundation.framework */; };
		80B269B619D73A750012F891 /* CoreGraphics.framework in Frameworks */ = {isa = PBXBuildFile; fileRef = 80B269B519D73A750012F891 /* CoreGraphics.framework */; };
		80B269B819D73A750012F891 /* UIKit.framework in Frameworks */ = {isa = PBXBuildFile; fileRef = 80B269B719D73A750012F891 /* UIKit.framework */; };
		80B269BE19D73A750012F891 /* InfoPlist.strings in Resources */ = {isa = PBXBuildFile; fileRef = 80B269BC19D73A750012F891 /* InfoPlist.strings */; };
		80B269C019D73A750012F891 /* main.m in Sources */ = {isa = PBXBuildFile; fileRef = 80B269BF19D73A750012F891 /* main.m */; };
		80B269C419D73A750012F891 /* AppDelegate.m in Sources */ = {isa = PBXBuildFile; fileRef = 80B269C319D73A750012F891 /* AppDelegate.m */; };
		80B269C619D73A750012F891 /* Images.xcassets in Resources */ = {isa = PBXBuildFile; fileRef = 80B269C519D73A750012F891 /* Images.xcassets */; };
		80B269CD19D73A750012F891 /* XCTest.framework in Frameworks */ = {isa = PBXBuildFile; fileRef = 80B269CC19D73A750012F891 /* XCTest.framework */; };
		80B269CE19D73A750012F891 /* Foundation.framework in Frameworks */ = {isa = PBXBuildFile; fileRef = 80B269B319D73A750012F891 /* Foundation.framework */; };
		80B269CF19D73A750012F891 /* UIKit.framework in Frameworks */ = {isa = PBXBuildFile; fileRef = 80B269B719D73A750012F891 /* UIKit.framework */; };
		80B269D719D73A750012F891 /* InfoPlist.strings in Resources */ = {isa = PBXBuildFile; fileRef = 80B269D519D73A750012F891 /* InfoPlist.strings */; };
		80B269D919D73A750012F891 /* DevConSummitAppTests.m in Sources */ = {isa = PBXBuildFile; fileRef = 80B269D819D73A750012F891 /* DevConSummitAppTests.m */; };
		80BB349A19D73CA500B2C82B /* MainViewController.m in Sources */ = {isa = PBXBuildFile; fileRef = 80BB349919D73CA500B2C82B /* MainViewController.m */; };
		80BB349E19D73CF800B2C82B /* SWRevealViewController.m in Sources */ = {isa = PBXBuildFile; fileRef = 80BB349D19D73CF800B2C82B /* SWRevealViewController.m */; };
		80BB34A119D73D3700B2C82B /* FrontViewController.m in Sources */ = {isa = PBXBuildFile; fileRef = 80BB34A019D73D3700B2C82B /* FrontViewController.m */; };
		80BB34A419D73D4700B2C82B /* RearViewController.m in Sources */ = {isa = PBXBuildFile; fileRef = 80BB34A319D73D4700B2C82B /* RearViewController.m */; };
		80BB34A719D73ECC00B2C82B /* navigation-icon.png in Resources */ = {isa = PBXBuildFile; fileRef = 80BB34A619D73ECC00B2C82B /* navigation-icon.png */; };
/* End PBXBuildFile section */

/* Begin PBXContainerItemProxy section */
		80B269D019D73A750012F891 /* PBXContainerItemProxy */ = {
			isa = PBXContainerItemProxy;
			containerPortal = 80B269A819D73A750012F891 /* Project object */;
			proxyType = 1;
			remoteGlobalIDString = 80B269AF19D73A750012F891;
			remoteInfo = DevConSummitApp;
		};
/* End PBXContainerItemProxy section */

/* Begin PBXFileReference section */
		8024C6BC19DF207900B73EDB /* PTSerif-Italic.ttf */ = {isa = PBXFileReference; lastKnownFileType = file; path = "PTSerif-Italic.ttf"; sourceTree = "<group>"; };
		802A303319DA11AC00CB6826 /* SpeakersViewController.h */ = {isa = PBXFileReference; fileEncoding = 4; lastKnownFileType = sourcecode.c.h; path = SpeakersViewController.h; sourceTree = "<group>"; };
		802A303419DA11AC00CB6826 /* SpeakersViewController.m */ = {isa = PBXFileReference; fileEncoding = 4; lastKnownFileType = sourcecode.c.objc; path = SpeakersViewController.m; sourceTree = "<group>"; };
		802D404A19D75411008873E8 /* ProgramsViewController.h */ = {isa = PBXFileReference; fileEncoding = 4; lastKnownFileType = sourcecode.c.h; path = ProgramsViewController.h; sourceTree = "<group>"; };
		802D404B19D75411008873E8 /* ProgramsViewController.m */ = {isa = PBXFileReference; fileEncoding = 4; lastKnownFileType = sourcecode.c.objc; path = ProgramsViewController.m; sourceTree = "<group>"; };
		802D405319D76170008873E8 /* CustomTableViewCell.h */ = {isa = PBXFileReference; fileEncoding = 4; lastKnownFileType = sourcecode.c.h; path = CustomTableViewCell.h; sourceTree = "<group>"; };
		802D405419D76170008873E8 /* CustomTableViewCell.m */ = {isa = PBXFileReference; fileEncoding = 4; lastKnownFileType = sourcecode.c.objc; path = CustomTableViewCell.m; sourceTree = "<group>"; };
		8032562A19DF269F00546426 /* SponsorsViewController.h */ = {isa = PBXFileReference; fileEncoding = 4; lastKnownFileType = sourcecode.c.h; path = SponsorsViewController.h; sourceTree = "<group>"; };
		8032562B19DF269F00546426 /* SponsorsViewController.m */ = {isa = PBXFileReference; fileEncoding = 4; lastKnownFileType = sourcecode.c.objc; path = SponsorsViewController.m; sourceTree = "<group>"; };
		8032562D19DF398900546426 /* devcon-summit.png */ = {isa = PBXFileReference; lastKnownFileType = image.png; path = "devcon-summit.png"; sourceTree = "<group>"; };
		8032562F19DF43B900546426 /* CP-GitHub.png */ = {isa = PBXFileReference; lastKnownFileType = image.png; path = "CP-GitHub.png"; sourceTree = "<group>"; };
		8032563019DF43B900546426 /* Gold-Canva.png */ = {isa = PBXFileReference; lastKnownFileType = image.png; path = "Gold-Canva.png"; sourceTree = "<group>"; };
		8032563319DF470100546426 /* CP-uber.png */ = {isa = PBXFileReference; lastKnownFileType = image.png; path = "CP-uber.png"; sourceTree = "<group>"; };
		8032563519DF471900546426 /* Gold-accenture.png */ = {isa = PBXFileReference; lastKnownFileType = image.png; path = "Gold-accenture.png"; sourceTree = "<group>"; };
		803CAA4819DC9669008493B5 /* SpeakersTableViewCell.h */ = {isa = PBXFileReference; fileEncoding = 4; lastKnownFileType = sourcecode.c.h; path = SpeakersTableViewCell.h; sourceTree = "<group>"; };
		803CAA4919DC9669008493B5 /* SpeakersTableViewCell.m */ = {isa = PBXFileReference; fileEncoding = 4; lastKnownFileType = sourcecode.c.objc; path = SpeakersTableViewCell.m; sourceTree = "<group>"; };
		8043C1FA19DEE0980054C60C /* UIImage+StackBlur.h */ = {isa = PBXFileReference; fileEncoding = 4; lastKnownFileType = sourcecode.c.h; path = "UIImage+StackBlur.h"; sourceTree = "<group>"; };
		8043C1FB19DEE0980054C60C /* UIImage+StackBlur.m */ = {isa = PBXFileReference; fileEncoding = 4; lastKnownFileType = sourcecode.c.objc; path = "UIImage+StackBlur.m"; sourceTree = "<group>"; };
		8043C1FD19DF1B5F0054C60C /* disclosure-icon.png */ = {isa = PBXFileReference; lastKnownFileType = image.png; path = "disclosure-icon.png"; sourceTree = "<group>"; };
		804A63AB19E1547700DE69FA /* NewsViewController.h */ = {isa = PBXFileReference; fileEncoding = 4; lastKnownFileType = sourcecode.c.h; path = NewsViewController.h; sourceTree = "<group>"; };
		804A63AC19E1547700DE69FA /* NewsViewController.m */ = {isa = PBXFileReference; fileEncoding = 4; lastKnownFileType = sourcecode.c.objc; path = NewsViewController.m; sourceTree = "<group>"; };
		804A63AE19E154A900DE69FA /* NewsTableViewCell.h */ = {isa = PBXFileReference; fileEncoding = 4; lastKnownFileType = sourcecode.c.h; path = NewsTableViewCell.h; sourceTree = "<group>"; };
		804A63AF19E154A900DE69FA /* NewsTableViewCell.m */ = {isa = PBXFileReference; fileEncoding = 4; lastKnownFileType = sourcecode.c.objc; path = NewsTableViewCell.m; sourceTree = "<group>"; };
		804F997619E1E19D00B04F9E /* SpeakerProfileViewController.h */ = {isa = PBXFileReference; fileEncoding = 4; lastKnownFileType = sourcecode.c.h; path = SpeakerProfileViewController.h; sourceTree = "<group>"; };
		804F997719E1E19D00B04F9E /* SpeakerProfileViewController.m */ = {isa = PBXFileReference; fileEncoding = 4; lastKnownFileType = sourcecode.c.objc; path = SpeakerProfileViewController.m; sourceTree = "<group>"; };
		805D891219D74EC800D2CF32 /* haifa.jpg */ = {isa = PBXFileReference; lastKnownFileType = image.jpeg; path = haifa.jpg; sourceTree = "<group>"; };
		805D891519D74EE100D2CF32 /* SourceSansPro-Bold.otf */ = {isa = PBXFileReference; lastKnownFileType = file; path = "SourceSansPro-Bold.otf"; sourceTree = "<group>"; };
		805D891619D74EE100D2CF32 /* SourceSansPro-Light.otf */ = {isa = PBXFileReference; lastKnownFileType = file; path = "SourceSansPro-Light.otf"; sourceTree = "<group>"; };
		805D891719D74EE100D2CF32 /* SourceSansPro-Regular.otf */ = {isa = PBXFileReference; lastKnownFileType = file; path = "SourceSansPro-Regular.otf"; sourceTree = "<group>"; };
		805D891819D74EE100D2CF32 /* SourceSansPro-Semibold.otf */ = {isa = PBXFileReference; lastKnownFileType = file; path = "SourceSansPro-Semibold.otf"; sourceTree = "<group>"; };
		805D891D19D74FF600D2CF32 /* myprofile-background.png */ = {isa = PBXFileReference; lastKnownFileType = image.png; path = "myprofile-background.png"; sourceTree = "<group>"; };
		80A6584119E1D5590014FAFD /* AttendeesViewController.h */ = {isa = PBXFileReference; fileEncoding = 4; lastKnownFileType = sourcecode.c.h; path = AttendeesViewController.h; sourceTree = "<group>"; };
		80A6584219E1D5590014FAFD /* AttendeesViewController.m */ = {isa = PBXFileReference; fileEncoding = 4; lastKnownFileType = sourcecode.c.objc; path = AttendeesViewController.m; sourceTree = "<group>"; };
		80A6584419E1D72D0014FAFD /* AttendeesTableViewCell.h */ = {isa = PBXFileReference; fileEncoding = 4; lastKnownFileType = sourcecode.c.h; path = AttendeesTableViewCell.h; sourceTree = "<group>"; };
		80A6584519E1D72D0014FAFD /* AttendeesTableViewCell.m */ = {isa = PBXFileReference; fileEncoding = 4; lastKnownFileType = sourcecode.c.objc; path = AttendeesTableViewCell.m; sourceTree = "<group>"; };
		80B269B019D73A750012F891 /* DevConSummitApp.app */ = {isa = PBXFileReference; explicitFileType = wrapper.application; includeInIndex = 0; path = DevConSummitApp.app; sourceTree = BUILT_PRODUCTS_DIR; };
		80B269B319D73A750012F891 /* Foundation.framework */ = {isa = PBXFileReference; lastKnownFileType = wrapper.framework; name = Foundation.framework; path = System/Library/Frameworks/Foundation.framework; sourceTree = SDKROOT; };
		80B269B519D73A750012F891 /* CoreGraphics.framework */ = {isa = PBXFileReference; lastKnownFileType = wrapper.framework; name = CoreGraphics.framework; path = System/Library/Frameworks/CoreGraphics.framework; sourceTree = SDKROOT; };
		80B269B719D73A750012F891 /* UIKit.framework */ = {isa = PBXFileReference; lastKnownFileType = wrapper.framework; name = UIKit.framework; path = System/Library/Frameworks/UIKit.framework; sourceTree = SDKROOT; };
		80B269BB19D73A750012F891 /* DevConSummitApp-Info.plist */ = {isa = PBXFileReference; lastKnownFileType = text.plist.xml; path = "DevConSummitApp-Info.plist"; sourceTree = "<group>"; };
		80B269BD19D73A750012F891 /* en */ = {isa = PBXFileReference; lastKnownFileType = text.plist.strings; name = en; path = en.lproj/InfoPlist.strings; sourceTree = "<group>"; };
		80B269BF19D73A750012F891 /* main.m */ = {isa = PBXFileReference; lastKnownFileType = sourcecode.c.objc; path = main.m; sourceTree = "<group>"; };
		80B269C119D73A750012F891 /* DevConSummitApp-Prefix.pch */ = {isa = PBXFileReference; lastKnownFileType = sourcecode.c.h; path = "DevConSummitApp-Prefix.pch"; sourceTree = "<group>"; };
		80B269C219D73A750012F891 /* AppDelegate.h */ = {isa = PBXFileReference; lastKnownFileType = sourcecode.c.h; path = AppDelegate.h; sourceTree = "<group>"; };
		80B269C319D73A750012F891 /* AppDelegate.m */ = {isa = PBXFileReference; lastKnownFileType = sourcecode.c.objc; path = AppDelegate.m; sourceTree = "<group>"; };
		80B269C519D73A750012F891 /* Images.xcassets */ = {isa = PBXFileReference; lastKnownFileType = folder.assetcatalog; path = Images.xcassets; sourceTree = "<group>"; };
		80B269CB19D73A750012F891 /* DevConSummitAppTests.xctest */ = {isa = PBXFileReference; explicitFileType = wrapper.cfbundle; includeInIndex = 0; path = DevConSummitAppTests.xctest; sourceTree = BUILT_PRODUCTS_DIR; };
		80B269CC19D73A750012F891 /* XCTest.framework */ = {isa = PBXFileReference; lastKnownFileType = wrapper.framework; name = XCTest.framework; path = Library/Frameworks/XCTest.framework; sourceTree = DEVELOPER_DIR; };
		80B269D419D73A750012F891 /* DevConSummitAppTests-Info.plist */ = {isa = PBXFileReference; lastKnownFileType = text.plist.xml; path = "DevConSummitAppTests-Info.plist"; sourceTree = "<group>"; };
		80B269D619D73A750012F891 /* en */ = {isa = PBXFileReference; lastKnownFileType = text.plist.strings; name = en; path = en.lproj/InfoPlist.strings; sourceTree = "<group>"; };
		80B269D819D73A750012F891 /* DevConSummitAppTests.m */ = {isa = PBXFileReference; lastKnownFileType = sourcecode.c.objc; path = DevConSummitAppTests.m; sourceTree = "<group>"; };
		80BB349819D73CA500B2C82B /* MainViewController.h */ = {isa = PBXFileReference; fileEncoding = 4; lastKnownFileType = sourcecode.c.h; path = MainViewController.h; sourceTree = "<group>"; };
		80BB349919D73CA500B2C82B /* MainViewController.m */ = {isa = PBXFileReference; fileEncoding = 4; lastKnownFileType = sourcecode.c.objc; path = MainViewController.m; sourceTree = "<group>"; };
		80BB349C19D73CF800B2C82B /* SWRevealViewController.h */ = {isa = PBXFileReference; fileEncoding = 4; lastKnownFileType = sourcecode.c.h; path = SWRevealViewController.h; sourceTree = "<group>"; };
		80BB349D19D73CF800B2C82B /* SWRevealViewController.m */ = {isa = PBXFileReference; fileEncoding = 4; lastKnownFileType = sourcecode.c.objc; path = SWRevealViewController.m; sourceTree = "<group>"; };
		80BB349F19D73D3700B2C82B /* FrontViewController.h */ = {isa = PBXFileReference; fileEncoding = 4; lastKnownFileType = sourcecode.c.h; path = FrontViewController.h; sourceTree = "<group>"; };
		80BB34A019D73D3700B2C82B /* FrontViewController.m */ = {isa = PBXFileReference; fileEncoding = 4; lastKnownFileType = sourcecode.c.objc; path = FrontViewController.m; sourceTree = "<group>"; };
		80BB34A219D73D4700B2C82B /* RearViewController.h */ = {isa = PBXFileReference; fileEncoding = 4; lastKnownFileType = sourcecode.c.h; path = RearViewController.h; sourceTree = "<group>"; };
		80BB34A319D73D4700B2C82B /* RearViewController.m */ = {isa = PBXFileReference; fileEncoding = 4; lastKnownFileType = sourcecode.c.objc; path = RearViewController.m; sourceTree = "<group>"; };
		80BB34A619D73ECC00B2C82B /* navigation-icon.png */ = {isa = PBXFileReference; lastKnownFileType = image.png; path = "navigation-icon.png"; sourceTree = "<group>"; };
/* End PBXFileReference section */

/* Begin PBXFrameworksBuildPhase section */
		80B269AD19D73A750012F891 /* Frameworks */ = {
			isa = PBXFrameworksBuildPhase;
			buildActionMask = 2147483647;
			files = (
				80B269B619D73A750012F891 /* CoreGraphics.framework in Frameworks */,
				80B269B819D73A750012F891 /* UIKit.framework in Frameworks */,
				80B269B419D73A750012F891 /* Foundation.framework in Frameworks */,
			);
			runOnlyForDeploymentPostprocessing = 0;
		};
		80B269C819D73A750012F891 /* Frameworks */ = {
			isa = PBXFrameworksBuildPhase;
			buildActionMask = 2147483647;
			files = (
				80B269CD19D73A750012F891 /* XCTest.framework in Frameworks */,
				80B269CF19D73A750012F891 /* UIKit.framework in Frameworks */,
				80B269CE19D73A750012F891 /* Foundation.framework in Frameworks */,
			);
			runOnlyForDeploymentPostprocessing = 0;
		};
/* End PBXFrameworksBuildPhase section */

/* Begin PBXGroup section */
		8043C1F919DEE0980054C60C /* UIImage+StackBlur */ = {
			isa = PBXGroup;
			children = (
				8043C1FA19DEE0980054C60C /* UIImage+StackBlur.h */,
				8043C1FB19DEE0980054C60C /* UIImage+StackBlur.m */,
			);
			path = "UIImage+StackBlur";
			sourceTree = "<group>";
		};
		805D891419D74EE100D2CF32 /* Fonts */ = {
			isa = PBXGroup;
			children = (
				805D891519D74EE100D2CF32 /* SourceSansPro-Bold.otf */,
				805D891619D74EE100D2CF32 /* SourceSansPro-Light.otf */,
				805D891719D74EE100D2CF32 /* SourceSansPro-Regular.otf */,
				805D891819D74EE100D2CF32 /* SourceSansPro-Semibold.otf */,
			);
			path = Fonts;
			sourceTree = "<group>";
		};
		80B269A719D73A750012F891 = {
			isa = PBXGroup;
			children = (
				80B269B919D73A750012F891 /* DevConSummitApp */,
				80B269D219D73A750012F891 /* DevConSummitAppTests */,
				80B269B219D73A750012F891 /* Frameworks */,
				80B269B119D73A750012F891 /* Products */,
			);
			sourceTree = "<group>";
		};
		80B269B119D73A750012F891 /* Products */ = {
			isa = PBXGroup;
			children = (
				80B269B019D73A750012F891 /* DevConSummitApp.app */,
				80B269CB19D73A750012F891 /* DevConSummitAppTests.xctest */,
			);
			name = Products;
			sourceTree = "<group>";
		};
		80B269B219D73A750012F891 /* Frameworks */ = {
			isa = PBXGroup;
			children = (
				80B269B319D73A750012F891 /* Foundation.framework */,
				80B269B519D73A750012F891 /* CoreGraphics.framework */,
				80B269B719D73A750012F891 /* UIKit.framework */,
				80B269CC19D73A750012F891 /* XCTest.framework */,
			);
			name = Frameworks;
			sourceTree = "<group>";
		};
		80B269B919D73A750012F891 /* DevConSummitApp */ = {
			isa = PBXGroup;
			children = (
				80B269C219D73A750012F891 /* AppDelegate.h */,
				80B269C319D73A750012F891 /* AppDelegate.m */,
				80BB349819D73CA500B2C82B /* MainViewController.h */,
				80BB349919D73CA500B2C82B /* MainViewController.m */,
				80BB349F19D73D3700B2C82B /* FrontViewController.h */,
				80BB34A019D73D3700B2C82B /* FrontViewController.m */,
				80BB34A219D73D4700B2C82B /* RearViewController.h */,
				80BB34A319D73D4700B2C82B /* RearViewController.m */,
				80A6584119E1D5590014FAFD /* AttendeesViewController.h */,
				80A6584219E1D5590014FAFD /* AttendeesViewController.m */,
				80A6584419E1D72D0014FAFD /* AttendeesTableViewCell.h */,
				80A6584519E1D72D0014FAFD /* AttendeesTableViewCell.m */,
				802D404A19D75411008873E8 /* ProgramsViewController.h */,
				802D404B19D75411008873E8 /* ProgramsViewController.m */,
				802D405319D76170008873E8 /* CustomTableViewCell.h */,
				802D405419D76170008873E8 /* CustomTableViewCell.m */,
				802A303319DA11AC00CB6826 /* SpeakersViewController.h */,
				802A303419DA11AC00CB6826 /* SpeakersViewController.m */,
				803CAA4819DC9669008493B5 /* SpeakersTableViewCell.h */,
				803CAA4919DC9669008493B5 /* SpeakersTableViewCell.m */,
				804F997619E1E19D00B04F9E /* SpeakerProfileViewController.h */,
				804F997719E1E19D00B04F9E /* SpeakerProfileViewController.m */,
				8032562A19DF269F00546426 /* SponsorsViewController.h */,
				8032562B19DF269F00546426 /* SponsorsViewController.m */,
				804A63AB19E1547700DE69FA /* NewsViewController.h */,
				804A63AC19E1547700DE69FA /* NewsViewController.m */,
				804A63AE19E154A900DE69FA /* NewsTableViewCell.h */,
				804A63AF19E154A900DE69FA /* NewsTableViewCell.m */,
				8043C1F919DEE0980054C60C /* UIImage+StackBlur */,
				80BB349B19D73CF800B2C82B /* SWRevealViewController */,
				80B269C519D73A750012F891 /* Images.xcassets */,
				805D891419D74EE100D2CF32 /* Fonts */,
				80BB34A519D73ECC00B2C82B /* Images */,
				80B269BA19D73A750012F891 /* Supporting Files */,
			);
			path = DevConSummitApp;
			sourceTree = "<group>";
		};
		80B269BA19D73A750012F891 /* Supporting Files */ = {
			isa = PBXGroup;
			children = (
				80B269BB19D73A750012F891 /* DevConSummitApp-Info.plist */,
				80B269BC19D73A750012F891 /* InfoPlist.strings */,
				80B269BF19D73A750012F891 /* main.m */,
				80B269C119D73A750012F891 /* DevConSummitApp-Prefix.pch */,
			);
			name = "Supporting Files";
			sourceTree = "<group>";
		};
		80B269D219D73A750012F891 /* DevConSummitAppTests */ = {
			isa = PBXGroup;
			children = (
				80B269D819D73A750012F891 /* DevConSummitAppTests.m */,
				80B269D319D73A750012F891 /* Supporting Files */,
			);
			path = DevConSummitAppTests;
			sourceTree = "<group>";
		};
		80B269D319D73A750012F891 /* Supporting Files */ = {
			isa = PBXGroup;
			children = (
				80B269D419D73A750012F891 /* DevConSummitAppTests-Info.plist */,
				80B269D519D73A750012F891 /* InfoPlist.strings */,
			);
			name = "Supporting Files";
			sourceTree = "<group>";
		};
		80BB349B19D73CF800B2C82B /* SWRevealViewController */ = {
			isa = PBXGroup;
			children = (
				80BB349C19D73CF800B2C82B /* SWRevealViewController.h */,
				80BB349D19D73CF800B2C82B /* SWRevealViewController.m */,
			);
			path = SWRevealViewController;
			sourceTree = "<group>";
		};
		80BB34A519D73ECC00B2C82B /* Images */ = {
			isa = PBXGroup;
			children = (
				8032563519DF471900546426 /* Gold-accenture.png */,
				8032563319DF470100546426 /* CP-uber.png */,
				8032562F19DF43B900546426 /* CP-GitHub.png */,
				8032563019DF43B900546426 /* Gold-Canva.png */,
				8032562D19DF398900546426 /* devcon-summit.png */,
				8024C6BC19DF207900B73EDB /* PTSerif-Italic.ttf */,
				8043C1FD19DF1B5F0054C60C /* disclosure-icon.png */,
				805D891D19D74FF600D2CF32 /* myprofile-background.png */,
				805D891219D74EC800D2CF32 /* haifa.jpg */,
				80BB34A619D73ECC00B2C82B /* navigation-icon.png */,
			);
			path = Images;
			sourceTree = "<group>";
		};
/* End PBXGroup section */

/* Begin PBXNativeTarget section */
		80B269AF19D73A750012F891 /* DevConSummitApp */ = {
			isa = PBXNativeTarget;
			buildConfigurationList = 80B269DC19D73A750012F891 /* Build configuration list for PBXNativeTarget "DevConSummitApp" */;
			buildPhases = (
				80B269AC19D73A750012F891 /* Sources */,
				80B269AD19D73A750012F891 /* Frameworks */,
				80B269AE19D73A750012F891 /* Resources */,
			);
			buildRules = (
			);
			dependencies = (
			);
			name = DevConSummitApp;
			productName = DevConSummitApp;
			productReference = 80B269B019D73A750012F891 /* DevConSummitApp.app */;
			productType = "com.apple.product-type.application";
		};
		80B269CA19D73A750012F891 /* DevConSummitAppTests */ = {
			isa = PBXNativeTarget;
			buildConfigurationList = 80B269DF19D73A750012F891 /* Build configuration list for PBXNativeTarget "DevConSummitAppTests" */;
			buildPhases = (
				80B269C719D73A750012F891 /* Sources */,
				80B269C819D73A750012F891 /* Frameworks */,
				80B269C919D73A750012F891 /* Resources */,
			);
			buildRules = (
			);
			dependencies = (
				80B269D119D73A750012F891 /* PBXTargetDependency */,
			);
			name = DevConSummitAppTests;
			productName = DevConSummitAppTests;
			productReference = 80B269CB19D73A750012F891 /* DevConSummitAppTests.xctest */;
			productType = "com.apple.product-type.bundle.unit-test";
		};
/* End PBXNativeTarget section */

/* Begin PBXProject section */
		80B269A819D73A750012F891 /* Project object */ = {
			isa = PBXProject;
			attributes = {
				LastUpgradeCheck = 0510;
				ORGANIZATIONNAME = HaifaCarina;
				TargetAttributes = {
					80B269CA19D73A750012F891 = {
						TestTargetID = 80B269AF19D73A750012F891;
					};
				};
			};
			buildConfigurationList = 80B269AB19D73A750012F891 /* Build configuration list for PBXProject "DevConSummitApp" */;
			compatibilityVersion = "Xcode 3.2";
			developmentRegion = English;
			hasScannedForEncodings = 0;
			knownRegions = (
				en,
			);
			mainGroup = 80B269A719D73A750012F891;
			productRefGroup = 80B269B119D73A750012F891 /* Products */;
			projectDirPath = "";
			projectRoot = "";
			targets = (
				80B269AF19D73A750012F891 /* DevConSummitApp */,
				80B269CA19D73A750012F891 /* DevConSummitAppTests */,
			);
		};
/* End PBXProject section */

/* Begin PBXResourcesBuildPhase section */
		80B269AE19D73A750012F891 /* Resources */ = {
			isa = PBXResourcesBuildPhase;
			buildActionMask = 2147483647;
			files = (
				805D891A19D74EE100D2CF32 /* SourceSansPro-Light.otf in Resources */,
				8024C6BD19DF207900B73EDB /* PTSerif-Italic.ttf in Resources */,
				8032563619DF471900546426 /* Gold-accenture.png in Resources */,
				80B269BE19D73A750012F891 /* InfoPlist.strings in Resources */,
				8032562E19DF398900546426 /* devcon-summit.png in Resources */,
				805D891319D74EC800D2CF32 /* haifa.jpg in Resources */,
				8032563219DF43B900546426 /* Gold-Canva.png in Resources */,
				8032563419DF470100546426 /* CP-uber.png in Resources */,
				805D891E19D74FF600D2CF32 /* myprofile-background.png in Resources */,
				805D891919D74EE100D2CF32 /* SourceSansPro-Bold.otf in Resources */,
				8043C1FE19DF1B5F0054C60C /* disclosure-icon.png in Resources */,
				805D891C19D74EE100D2CF32 /* SourceSansPro-Semibold.otf in Resources */,
				8032563119DF43B900546426 /* CP-GitHub.png in Resources */,
				80BB34A719D73ECC00B2C82B /* navigation-icon.png in Resources */,
				80B269C619D73A750012F891 /* Images.xcassets in Resources */,
				805D891B19D74EE100D2CF32 /* SourceSansPro-Regular.otf in Resources */,
			);
			runOnlyForDeploymentPostprocessing = 0;
		};
		80B269C919D73A750012F891 /* Resources */ = {
			isa = PBXResourcesBuildPhase;
			buildActionMask = 2147483647;
			files = (
				80B269D719D73A750012F891 /* InfoPlist.strings in Resources */,
			);
			runOnlyForDeploymentPostprocessing = 0;
		};
/* End PBXResourcesBuildPhase section */

/* Begin PBXSourcesBuildPhase section */
		80B269AC19D73A750012F891 /* Sources */ = {
			isa = PBXSourcesBuildPhase;
			buildActionMask = 2147483647;
			files = (
				80B269C419D73A750012F891 /* AppDelegate.m in Sources */,
				803CAA4A19DC9669008493B5 /* SpeakersTableViewCell.m in Sources */,
				80BB349A19D73CA500B2C82B /* MainViewController.m in Sources */,
				80A6584619E1D72D0014FAFD /* AttendeesTableViewCell.m in Sources */,
				80B269C019D73A750012F891 /* main.m in Sources */,
				80BB349E19D73CF800B2C82B /* SWRevealViewController.m in Sources */,
				80BB34A419D73D4700B2C82B /* RearViewController.m in Sources */,
				804F997819E1E19D00B04F9E /* SpeakerProfileViewController.m in Sources */,
				804A63B019E154A900DE69FA /* NewsTableViewCell.m in Sources */,
				804A63AD19E1547700DE69FA /* NewsViewController.m in Sources */,
				802A303519DA11AC00CB6826 /* SpeakersViewController.m in Sources */,
				80BB34A119D73D3700B2C82B /* FrontViewController.m in Sources */,
				8032562C19DF269F00546426 /* SponsorsViewController.m in Sources */,
				802D405519D76170008873E8 /* CustomTableViewCell.m in Sources */,
				8043C1FC19DEE0980054C60C /* UIImage+StackBlur.m in Sources */,
				802D404C19D75411008873E8 /* ProgramsViewController.m in Sources */,
				80A6584319E1D5590014FAFD /* AttendeesViewController.m in Sources */,
			);
			runOnlyForDeploymentPostprocessing = 0;
		};
		80B269C719D73A750012F891 /* Sources */ = {
			isa = PBXSourcesBuildPhase;
			buildActionMask = 2147483647;
			files = (
				80B269D919D73A750012F891 /* DevConSummitAppTests.m in Sources */,
			);
			runOnlyForDeploymentPostprocessing = 0;
		};
/* End PBXSourcesBuildPhase section */

/* Begin PBXTargetDependency section */
		80B269D119D73A750012F891 /* PBXTargetDependency */ = {
			isa = PBXTargetDependency;
			target = 80B269AF19D73A750012F891 /* DevConSummitApp */;
			targetProxy = 80B269D019D73A750012F891 /* PBXContainerItemProxy */;
		};
/* End PBXTargetDependency section */

/* Begin PBXVariantGroup section */
		80B269BC19D73A750012F891 /* InfoPlist.strings */ = {
			isa = PBXVariantGroup;
			children = (
				80B269BD19D73A750012F891 /* en */,
			);
			name = InfoPlist.strings;
			sourceTree = "<group>";
		};
		80B269D519D73A750012F891 /* InfoPlist.strings */ = {
			isa = PBXVariantGroup;
			children = (
				80B269D619D73A750012F891 /* en */,
			);
			name = InfoPlist.strings;
			sourceTree = "<group>";
		};
/* End PBXVariantGroup section */

/* Begin XCBuildConfiguration section */
		80B269DA19D73A750012F891 /* Debug */ = {
			isa = XCBuildConfiguration;
			buildSettings = {
				ALWAYS_SEARCH_USER_PATHS = NO;
				CLANG_CXX_LANGUAGE_STANDARD = "gnu++0x";
				CLANG_CXX_LIBRARY = "libc++";
				CLANG_ENABLE_MODULES = YES;
				CLANG_ENABLE_OBJC_ARC = YES;
				CLANG_WARN_BOOL_CONVERSION = YES;
				CLANG_WARN_CONSTANT_CONVERSION = YES;
				CLANG_WARN_DIRECT_OBJC_ISA_USAGE = YES_ERROR;
				CLANG_WARN_EMPTY_BODY = YES;
				CLANG_WARN_ENUM_CONVERSION = YES;
				CLANG_WARN_INT_CONVERSION = YES;
				CLANG_WARN_OBJC_ROOT_CLASS = YES_ERROR;
				CLANG_WARN__DUPLICATE_METHOD_MATCH = YES;
				"CODE_SIGN_IDENTITY[sdk=iphoneos*]" = "iPhone Developer";
				COPY_PHASE_STRIP = NO;
				GCC_C_LANGUAGE_STANDARD = gnu99;
				GCC_DYNAMIC_NO_PIC = NO;
				GCC_OPTIMIZATION_LEVEL = 0;
				GCC_PREPROCESSOR_DEFINITIONS = (
					"DEBUG=1",
					"$(inherited)",
				);
				GCC_SYMBOLS_PRIVATE_EXTERN = NO;
				GCC_WARN_64_TO_32_BIT_CONVERSION = YES;
				GCC_WARN_ABOUT_RETURN_TYPE = YES_ERROR;
				GCC_WARN_UNDECLARED_SELECTOR = YES;
				GCC_WARN_UNINITIALIZED_AUTOS = YES_AGGRESSIVE;
				GCC_WARN_UNUSED_FUNCTION = YES;
				GCC_WARN_UNUSED_VARIABLE = YES;
				IPHONEOS_DEPLOYMENT_TARGET = 7.1;
				ONLY_ACTIVE_ARCH = YES;
				SDKROOT = iphoneos;
			};
			name = Debug;
		};
		80B269DB19D73A750012F891 /* Release */ = {
			isa = XCBuildConfiguration;
			buildSettings = {
				ALWAYS_SEARCH_USER_PATHS = NO;
				CLANG_CXX_LANGUAGE_STANDARD = "gnu++0x";
				CLANG_CXX_LIBRARY = "libc++";
				CLANG_ENABLE_MODULES = YES;
				CLANG_ENABLE_OBJC_ARC = YES;
				CLANG_WARN_BOOL_CONVERSION = YES;
				CLANG_WARN_CONSTANT_CONVERSION = YES;
				CLANG_WARN_DIRECT_OBJC_ISA_USAGE = YES_ERROR;
				CLANG_WARN_EMPTY_BODY = YES;
				CLANG_WARN_ENUM_CONVERSION = YES;
				CLANG_WARN_INT_CONVERSION = YES;
				CLANG_WARN_OBJC_ROOT_CLASS = YES_ERROR;
				CLANG_WARN__DUPLICATE_METHOD_MATCH = YES;
				"CODE_SIGN_IDENTITY[sdk=iphoneos*]" = "iPhone Developer";
				COPY_PHASE_STRIP = YES;
				ENABLE_NS_ASSERTIONS = NO;
				GCC_C_LANGUAGE_STANDARD = gnu99;
				GCC_WARN_64_TO_32_BIT_CONVERSION = YES;
				GCC_WARN_ABOUT_RETURN_TYPE = YES_ERROR;
				GCC_WARN_UNDECLARED_SELECTOR = YES;
				GCC_WARN_UNINITIALIZED_AUTOS = YES_AGGRESSIVE;
				GCC_WARN_UNUSED_FUNCTION = YES;
				GCC_WARN_UNUSED_VARIABLE = YES;
				IPHONEOS_DEPLOYMENT_TARGET = 7.1;
				SDKROOT = iphoneos;
				VALIDATE_PRODUCT = YES;
			};
			name = Release;
		};
		80B269DD19D73A750012F891 /* Debug */ = {
			isa = XCBuildConfiguration;
			buildSettings = {
				ASSETCATALOG_COMPILER_APPICON_NAME = AppIcon;
				ASSETCATALOG_COMPILER_LAUNCHIMAGE_NAME = LaunchImage;
				GCC_PRECOMPILE_PREFIX_HEADER = YES;
				GCC_PREFIX_HEADER = "DevConSummitApp/DevConSummitApp-Prefix.pch";
				INFOPLIST_FILE = "DevConSummitApp/DevConSummitApp-Info.plist";
				PRODUCT_NAME = "$(TARGET_NAME)";
				WRAPPER_EXTENSION = app;
			};
			name = Debug;
		};
		80B269DE19D73A750012F891 /* Release */ = {
			isa = XCBuildConfiguration;
			buildSettings = {
				ASSETCATALOG_COMPILER_APPICON_NAME = AppIcon;
				ASSETCATALOG_COMPILER_LAUNCHIMAGE_NAME = LaunchImage;
				GCC_PRECOMPILE_PREFIX_HEADER = YES;
				GCC_PREFIX_HEADER = "DevConSummitApp/DevConSummitApp-Prefix.pch";
				INFOPLIST_FILE = "DevConSummitApp/DevConSummitApp-Info.plist";
				PRODUCT_NAME = "$(TARGET_NAME)";
				WRAPPER_EXTENSION = app;
			};
			name = Release;
		};
		80B269E019D73A750012F891 /* Debug */ = {
			isa = XCBuildConfiguration;
			buildSettings = {
				BUNDLE_LOADER = "$(BUILT_PRODUCTS_DIR)/DevConSummitApp.app/DevConSummitApp";
				FRAMEWORK_SEARCH_PATHS = (
					"$(SDKROOT)/Developer/Library/Frameworks",
					"$(inherited)",
					"$(DEVELOPER_FRAMEWORKS_DIR)",
				);
				GCC_PRECOMPILE_PREFIX_HEADER = YES;
				GCC_PREFIX_HEADER = "DevConSummitApp/DevConSummitApp-Prefix.pch";
				GCC_PREPROCESSOR_DEFINITIONS = (
					"DEBUG=1",
					"$(inherited)",
				);
				INFOPLIST_FILE = "DevConSummitAppTests/DevConSummitAppTests-Info.plist";
				PRODUCT_NAME = "$(TARGET_NAME)";
				TEST_HOST = "$(BUNDLE_LOADER)";
				WRAPPER_EXTENSION = xctest;
			};
			name = Debug;
		};
		80B269E119D73A750012F891 /* Release */ = {
			isa = XCBuildConfiguration;
			buildSettings = {
				BUNDLE_LOADER = "$(BUILT_PRODUCTS_DIR)/DevConSummitApp.app/DevConSummitApp";
				FRAMEWORK_SEARCH_PATHS = (
					"$(SDKROOT)/Developer/Library/Frameworks",
					"$(inherited)",
					"$(DEVELOPER_FRAMEWORKS_DIR)",
				);
				GCC_PRECOMPILE_PREFIX_HEADER = YES;
				GCC_PREFIX_HEADER = "DevConSummitApp/DevConSummitApp-Prefix.pch";
				INFOPLIST_FILE = "DevConSummitAppTests/DevConSummitAppTests-Info.plist";
				PRODUCT_NAME = "$(TARGET_NAME)";
				TEST_HOST = "$(BUNDLE_LOADER)";
				WRAPPER_EXTENSION = xctest;
			};
			name = Release;
		};
/* End XCBuildConfiguration section */

/* Begin XCConfigurationList section */
		80B269AB19D73A750012F891 /* Build configuration list for PBXProject "DevConSummitApp" */ = {
			isa = XCConfigurationList;
			buildConfigurations = (
				80B269DA19D73A750012F891 /* Debug */,
				80B269DB19D73A750012F891 /* Release */,
			);
			defaultConfigurationIsVisible = 0;
			defaultConfigurationName = Release;
		};
		80B269DC19D73A750012F891 /* Build configuration list for PBXNativeTarget "DevConSummitApp" */ = {
			isa = XCConfigurationList;
			buildConfigurations = (
				80B269DD19D73A750012F891 /* Debug */,
				80B269DE19D73A750012F891 /* Release */,
			);
			defaultConfigurationIsVisible = 0;
			defaultConfigurationName = Release;
		};
		80B269DF19D73A750012F891 /* Build configuration list for PBXNativeTarget "DevConSummitAppTests" */ = {
			isa = XCConfigurationList;
			buildConfigurations = (
				80B269E019D73A750012F891 /* Debug */,
				80B269E119D73A750012F891 /* Release */,
			);
			defaultConfigurationIsVisible = 0;
			defaultConfigurationName = Release;
		};
/* End XCConfigurationList section */
	};
	rootObject = 80B269A819D73A750012F891 /* Project object */;
}
